PODS:
  - Alamofire (5.2.0)
  - AlamofireNetworkActivityIndicator (3.1.0):
    - Alamofire (~> 5.1)
  - Moya (14.0.0):
    - Moya/Core (= 14.0.0)
  - Moya/Core (14.0.0):
    - Alamofire (~> 5.0)
  - SDWebImage (5.8.0):
    - SDWebImage/Core (= 5.8.0)
  - SDWebImage/Core (5.8.0)
  - SVProgressHUD (2.2.5)

DEPENDENCIES:
  - AlamofireNetworkActivityIndicator (~> 3.1)
  - Moya (~> 14.0)
  - SDWebImage
  - SVProgressHUD

SPEC REPOS:
  trunk:
    - Alamofire
    - AlamofireNetworkActivityIndicator
    - Moya
    - SDWebImage
    - SVProgressHUD

SPEC CHECKSUMS:
  Alamofire: c1ca147559e730bfb2182c8c7aafbdd90a867987
  AlamofireNetworkActivityIndicator: 6564782bd7b9e6c430ae67d9277af01907b01ca4
  Moya: 5b45dacb75adb009f97fde91c204c1e565d31916
  SDWebImage: 84000f962cbfa70c07f19d2234cbfcf5d779b5dc
  SVProgressHUD: 1428aafac632c1f86f62aa4243ec12008d7a51d6

PODFILE CHECKSUM: a9629c508d3c824954c1d660672a7437ee2d4049

COCOAPODS: 1.8.4
